
Microsoft Visual Studio Solution File, Format Version 12.00
# Visual Studio Version 17
VisualStudioVersion = 17.14.36202.13
MinimumVisualStudioVersion = 10.0.40219.1
Project("{FAE04EC0-301F-11D3-BF4B-00C04F79EFBC}") = "WPHBookingSystem.Domain", "WPHBookingSystem.Domain\WPHBookingSystem.Domain.csproj", "{6C5ABD93-8D0A-4B34-8A6E-A79BA63BDCCC}"
EndProject
Project("{FAE04EC0-301F-11D3-BF4B-00C04F79EFBC}") = "WPHBookingSystem.Application", "WPHBookingSystem.Application\WPHBookingSystem.Application.csproj", "{F84C4A8B-3663-4566-960A-D7A9F86CEAB6}"
EndProject
Project("{FAE04EC0-301F-11D3-BF4B-00C04F79EFBC}") = "WPHBookingSystem.Infrastructure", "WPHBookingSystem.Infrastructure\WPHBookingSystem.Infrastructure.csproj", "{AD0F1ED5-AD88-4ED0-BE23-62FB6706FA4F}"
EndProject
Project("{FAE04EC0-301F-11D3-BF4B-00C04F79EFBC}") = "WPHBookingSystem.WebUI", "WPHBookingSystem.WebUI\WPHBookingSystem.WebUI.csproj", "{C50DBED0-F942-4912-A7E3-C48E47F4E91E}"
EndProject
Global
	GlobalSection(SolutionConfigurationPlatforms) = preSolution
		Debug|Any CPU = Debug|Any CPU
		Release|Any CPU = Release|Any CPU
	EndGlobalSection
	GlobalSection(ProjectConfigurationPlatforms) = postSolution
		{6C5ABD93-8D0A-4B34-8A6E-A79BA63BDCCC}.Debug|Any CPU.ActiveCfg = Debug|Any CPU
		{6C5ABD93-8D0A-4B34-8A6E-A79BA63BDCCC}.Debug|Any CPU.Build.0 = Debug|Any CPU
		{6C5ABD93-8D0A-4B34-8A6E-A79BA63BDCCC}.Release|Any CPU.ActiveCfg = Release|Any CPU
		{6C5ABD93-8D0A-4B34-8A6E-A79BA63BDCCC}.Release|Any CPU.Build.0 = Release|Any CPU
		{F84C4A8B-3663-4566-960A-D7A9F86CEAB6}.Debug|Any CPU.ActiveCfg = Debug|Any CPU
		{F84C4A8B-3663-4566-960A-D7A9F86CEAB6}.Debug|Any CPU.Build.0 = Debug|Any CPU
		{F84C4A8B-3663-4566-960A-D7A9F86CEAB6}.Release|Any CPU.ActiveCfg = Release|Any CPU
		{F84C4A8B-3663-4566-960A-D7A9F86CEAB6}.Release|Any CPU.Build.0 = Release|Any CPU
		{AD0F1ED5-AD88-4ED0-BE23-62FB6706FA4F}.Debug|Any CPU.ActiveCfg = Debug|Any CPU
		{AD0F1ED5-AD88-4ED0-BE23-62FB6706FA4F}.Debug|Any CPU.Build.0 = Debug|Any CPU
		{AD0F1ED5-AD88-4ED0-BE23-62FB6706FA4F}.Release|Any CPU.ActiveCfg = Release|Any CPU
		{AD0F1ED5-AD88-4ED0-BE23-62FB6706FA4F}.Release|Any CPU.Build.0 = Release|Any CPU
		{C50DBED0-F942-4912-A7E3-C48E47F4E91E}.Debug|Any CPU.ActiveCfg = Debug|Any CPU
		{C50DBED0-F942-4912-A7E3-C48E47F4E91E}.Debug|Any CPU.Build.0 = Debug|Any CPU
		{C50DBED0-F942-4912-A7E3-C48E47F4E91E}.Release|Any CPU.ActiveCfg = Release|Any CPU
		{C50DBED0-F942-4912-A7E3-C48E47F4E91E}.Release|Any CPU.Build.0 = Release|Any CPU
	EndGlobalSection
	GlobalSection(SolutionProperties) = preSolution
		HideSolutionNode = FALSE
	EndGlobalSection
	GlobalSection(ExtensibilityGlobals) = postSolution
		SolutionGuid = {703F884E-792E-4AFC-9979-BB4461FF2AA0}
	EndGlobalSection
EndGlobal
